{
  "requires": true,
  "lockfileVersion": 1,
  "dependencies": {
    "material": {
      "version": "0.3.2",
      "resolved": "https://registry.npmjs.org/material/-/material-0.3.2.tgz",
      "integrity": "sha512-MhXyw+HDIobYbhjqoaecJAeR0sjv+v+N5Pkq/NBfIPsG6bskuF3z/fZz/EDxULY3bRKPHJdm4VbiPSH17Jzahw=="
    }
  }
}
